Microsoft Visual Studio Solution File, Format Version 12.00
# Visual Studio 2012
Project("{FAE04EC0-301F-11D3-BF4B-00C04F79EFBC}") = "Undertale2", "Undertale2.csproj", "{C65634D9-771C-440E-A944-1F94C6A895FE}"
EndProject
Global
	GlobalSection(SolutionConfigurationPlatforms) = preSolution
	Debug|Any CPU = Debug|Any CPU
	ExportDebug|Any CPU = ExportDebug|Any CPU
	ExportRelease|Any CPU = ExportRelease|Any CPU
	EndGlobalSection
	GlobalSection(ProjectConfigurationPlatforms) = postSolution
		{C65634D9-771C-440E-A944-1F94C6A895FE}.Debug|Any CPU.ActiveCfg = Debug|Any CPU
		{C65634D9-771C-440E-A944-1F94C6A895FE}.Debug|Any CPU.Build.0 = Debug|Any CPU
		{C65634D9-771C-440E-A944-1F94C6A895FE}.ExportDebug|Any CPU.ActiveCfg = ExportDebug|Any CPU
		{C65634D9-771C-440E-A944-1F94C6A895FE}.ExportDebug|Any CPU.Build.0 = ExportDebug|Any CPU
		{C65634D9-771C-440E-A944-1F94C6A895FE}.ExportRelease|Any CPU.ActiveCfg = ExportRelease|Any CPU
		{C65634D9-771C-440E-A944-1F94C6A895FE}.ExportRelease|Any CPU.Build.0 = ExportRelease|Any CPU
	EndGlobalSection
EndGlobal
